
Microsoft Visual Studio Solution File, Format Version 12.00
# Visual Studio 15
Project("{FAE04EC0-301F-11D3-BF4B-00C04F79EFBC}") = "DipsSchedule.Android", "DipsSchedule.Android\DipsSchedule.Android.csproj", "{587B9FF0-DC73-40ED-811D-0E21B41837A8}"
EndProject
Project("{FAE04EC0-301F-11D3-BF4B-00C04F79EFBC}") = "DipsSchedule.iOS", "DipsSchedule.iOS\DipsSchedule.iOS.csproj", "{99ADFC75-2B11-4BD9-868B-F098C79DE90C}"
EndProject
Project("{FAE04EC0-301F-11D3-BF4B-00C04F79EFBC}") = "DipsSchedule.UITests", "DipsSchedule.UITests\DipsSchedule.UITests.csproj", "{03283CD2-F292-49B6-A434-01408E5B8411}"
EndProject
Project("{FAE04EC0-301F-11D3-BF4B-00C04F79EFBC}") = "DipsSchedule", "DipsSchedule\DipsSchedule.csproj", "{4303CE86-18A8-4C37-A305-5CA66BA46618}"
EndProject
Global
	GlobalSection(SolutionConfigurationPlatforms) = preSolution
		Debug|Any CPU = Debug|Any CPU
		Release|Any CPU = Release|Any CPU
		Debug|iPhoneSimulator = Debug|iPhoneSimulator
		Release|iPhoneSimulator = Release|iPhoneSimulator
		Debug|iPhone = Debug|iPhone
		Release|iPhone = Release|iPhone
	EndGlobalSection
	GlobalSection(ProjectConfigurationPlatforms) = postSolution
		{587B9FF0-DC73-40ED-811D-0E21B41837A8}.Debug|Any CPU.ActiveCfg = Debug|Any CPU
		{587B9FF0-DC73-40ED-811D-0E21B41837A8}.Debug|Any CPU.Build.0 = Debug|Any CPU
		{587B9FF0-DC73-40ED-811D-0E21B41837A8}.Release|Any CPU.ActiveCfg = Release|Any CPU
		{587B9FF0-DC73-40ED-811D-0E21B41837A8}.Release|Any CPU.Build.0 = Release|Any CPU
		{587B9FF0-DC73-40ED-811D-0E21B41837A8}.Debug|iPhoneSimulator.ActiveCfg = Debug|Any CPU
		{587B9FF0-DC73-40ED-811D-0E21B41837A8}.Debug|iPhoneSimulator.Build.0 = Debug|Any CPU
		{587B9FF0-DC73-40ED-811D-0E21B41837A8}.Release|iPhoneSimulator.ActiveCfg = Release|Any CPU
		{587B9FF0-DC73-40ED-811D-0E21B41837A8}.Release|iPhoneSimulator.Build.0 = Release|Any CPU
		{587B9FF0-DC73-40ED-811D-0E21B41837A8}.Debug|iPhone.ActiveCfg = Debug|Any CPU
		{587B9FF0-DC73-40ED-811D-0E21B41837A8}.Debug|iPhone.Build.0 = Debug|Any CPU
		{587B9FF0-DC73-40ED-811D-0E21B41837A8}.Release|iPhone.ActiveCfg = Release|Any CPU
		{587B9FF0-DC73-40ED-811D-0E21B41837A8}.Release|iPhone.Build.0 = Release|Any CPU
		{99ADFC75-2B11-4BD9-868B-F098C79DE90C}.Debug|Any CPU.ActiveCfg = Debug|iPhoneSimulator
		{99ADFC75-2B11-4BD9-868B-F098C79DE90C}.Debug|Any CPU.Build.0 = Debug|iPhoneSimulator
		{99ADFC75-2B11-4BD9-868B-F098C79DE90C}.Release|Any CPU.ActiveCfg = Release|iPhoneSimulator
		{99ADFC75-2B11-4BD9-868B-F098C79DE90C}.Release|Any CPU.Build.0 = Release|iPhoneSimulator
		{99ADFC75-2B11-4BD9-868B-F098C79DE90C}.Debug|iPhoneSimulator.ActiveCfg = Debug|iPhoneSimulator
		{99ADFC75-2B11-4BD9-868B-F098C79DE90C}.Debug|iPhoneSimulator.Build.0 = Debug|iPhoneSimulator
		{99ADFC75-2B11-4BD9-868B-F098C79DE90C}.Release|iPhoneSimulator.ActiveCfg = Release|iPhoneSimulator
		{99ADFC75-2B11-4BD9-868B-F098C79DE90C}.Release|iPhoneSimulator.Build.0 = Release|iPhoneSimulator
		{99ADFC75-2B11-4BD9-868B-F098C79DE90C}.Debug|iPhone.ActiveCfg = Debug|iPhone
		{99ADFC75-2B11-4BD9-868B-F098C79DE90C}.Debug|iPhone.Build.0 = Debug|iPhone
		{99ADFC75-2B11-4BD9-868B-F098C79DE90C}.Release|iPhone.ActiveCfg = Release|iPhone
		{99ADFC75-2B11-4BD9-868B-F098C79DE90C}.Release|iPhone.Build.0 = Release|iPhone
		{03283CD2-F292-49B6-A434-01408E5B8411}.Debug|Any CPU.ActiveCfg = Debug|Any CPU
		{03283CD2-F292-49B6-A434-01408E5B8411}.Debug|Any CPU.Build.0 = Debug|Any CPU
		{03283CD2-F292-49B6-A434-01408E5B8411}.Release|Any CPU.ActiveCfg = Release|Any CPU
		{03283CD2-F292-49B6-A434-01408E5B8411}.Release|Any CPU.Build.0 = Release|Any CPU
		{03283CD2-F292-49B6-A434-01408E5B8411}.Debug|iPhoneSimulator.ActiveCfg = Debug|Any CPU
		{03283CD2-F292-49B6-A434-01408E5B8411}.Debug|iPhoneSimulator.Build.0 = Debug|Any CPU
		{03283CD2-F292-49B6-A434-01408E5B8411}.Release|iPhoneSimulator.ActiveCfg = Release|Any CPU
		{03283CD2-F292-49B6-A434-01408E5B8411}.Release|iPhoneSimulator.Build.0 = Release|Any CPU
		{03283CD2-F292-49B6-A434-01408E5B8411}.Debug|iPhone.ActiveCfg = Debug|Any CPU
		{03283CD2-F292-49B6-A434-01408E5B8411}.Debug|iPhone.Build.0 = Debug|Any CPU
		{03283CD2-F292-49B6-A434-01408E5B8411}.Release|iPhone.ActiveCfg = Release|Any CPU
		{03283CD2-F292-49B6-A434-01408E5B8411}.Release|iPhone.Build.0 = Release|Any CPU
		{4303CE86-18A8-4C37-A305-5CA66BA46618}.Debug|Any CPU.ActiveCfg = Debug|Any CPU
		{4303CE86-18A8-4C37-A305-5CA66BA46618}.Debug|Any CPU.Build.0 = Debug|Any CPU
		{4303CE86-18A8-4C37-A305-5CA66BA46618}.Release|Any CPU.ActiveCfg = Release|Any CPU
		{4303CE86-18A8-4C37-A305-5CA66BA46618}.Release|Any CPU.Build.0 = Release|Any CPU
		{4303CE86-18A8-4C37-A305-5CA66BA46618}.Debug|iPhoneSimulator.ActiveCfg = Debug|Any CPU
		{4303CE86-18A8-4C37-A305-5CA66BA46618}.Debug|iPhoneSimulator.Build.0 = Debug|Any CPU
		{4303CE86-18A8-4C37-A305-5CA66BA46618}.Release|iPhoneSimulator.ActiveCfg = Release|Any CPU
		{4303CE86-18A8-4C37-A305-5CA66BA46618}.Release|iPhoneSimulator.Build.0 = Release|Any CPU
		{4303CE86-18A8-4C37-A305-5CA66BA46618}.Debug|iPhone.ActiveCfg = Debug|Any CPU
		{4303CE86-18A8-4C37-A305-5CA66BA46618}.Debug|iPhone.Build.0 = Debug|Any CPU
		{4303CE86-18A8-4C37-A305-5CA66BA46618}.Release|iPhone.ActiveCfg = Release|Any CPU
		{4303CE86-18A8-4C37-A305-5CA66BA46618}.Release|iPhone.Build.0 = Release|Any CPU
	EndGlobalSection
EndGlobal
